
Microsoft Visual Studio Solution File, Format Version 12.00
# Visual Studio Version 17
VisualStudioVersion = 17.1.32421.90
MinimumVisualStudioVersion = 10.0.40219.1
Project("{9A19103F-16F7-4668-BE54-9A1E7A4F7556}") = "BlogProject_5175.Models", "BlogProject_5175.Models\BlogProject_5175.Models.csproj", "{7D84D80B-305C-48F5-8AFE-408A2E6488CF}"
EndProject
Project("{9A19103F-16F7-4668-BE54-9A1E7A4F7556}") = "BlogProject_5175.DAL", "BlogProject_5175.DAL\BlogProject_5175.DAL.csproj", "{1CA96AC8-D4BA-4CBA-BE95-C587760B5D9D}"
EndProject
Project("{9A19103F-16F7-4668-BE54-9A1E7A4F7556}") = "BlogProject_5175.WEB", "BlogProject_5175.WEB\BlogProject_5175.WEB.csproj", "{D0AB38FA-8389-4611-BC4E-819A5B8778EB}"
EndProject
Global
	GlobalSection(SolutionConfigurationPlatforms) = preSolution
		Debug|Any CPU = Debug|Any CPU
		Release|Any CPU = Release|Any CPU
	EndGlobalSection
	GlobalSection(ProjectConfigurationPlatforms) = postSolution
		{7D84D80B-305C-48F5-8AFE-408A2E6488CF}.Debug|Any CPU.ActiveCfg = Debug|Any CPU
		{7D84D80B-305C-48F5-8AFE-408A2E6488CF}.Debug|Any CPU.Build.0 = Debug|Any CPU
		{7D84D80B-305C-48F5-8AFE-408A2E6488CF}.Release|Any CPU.ActiveCfg = Release|Any CPU
		{7D84D80B-305C-48F5-8AFE-408A2E6488CF}.Release|Any CPU.Build.0 = Release|Any CPU
		{1CA96AC8-D4BA-4CBA-BE95-C587760B5D9D}.Debug|Any CPU.ActiveCfg = Debug|Any CPU
		{1CA96AC8-D4BA-4CBA-BE95-C587760B5D9D}.Debug|Any CPU.Build.0 = Debug|Any CPU
		{1CA96AC8-D4BA-4CBA-BE95-C587760B5D9D}.Release|Any CPU.ActiveCfg = Release|Any CPU
		{1CA96AC8-D4BA-4CBA-BE95-C587760B5D9D}.Release|Any CPU.Build.0 = Release|Any CPU
		{D0AB38FA-8389-4611-BC4E-819A5B8778EB}.Debug|Any CPU.ActiveCfg = Debug|Any CPU
		{D0AB38FA-8389-4611-BC4E-819A5B8778EB}.Debug|Any CPU.Build.0 = Debug|Any CPU
		{D0AB38FA-8389-4611-BC4E-819A5B8778EB}.Release|Any CPU.ActiveCfg = Release|Any CPU
		{D0AB38FA-8389-4611-BC4E-819A5B8778EB}.Release|Any CPU.Build.0 = Release|Any CPU
	EndGlobalSection
	GlobalSection(SolutionProperties) = preSolution
		HideSolutionNode = FALSE
	EndGlobalSection
	GlobalSection(ExtensibilityGlobals) = postSolution
		SolutionGuid = {3402865C-CD2C-4E31-9245-34DE22584C9A}
	EndGlobalSection
EndGlobal
